// !$*UTF8*$!
{
	archiveVersion = 1;
	classes = {
	};
	objectVersion = 56;
	objects = {

/* Begin PBXBuildFile section */
		CFB21CC72C6CDDB600010995 /* SchedulesApp.swift in Sources */ = {isa = PBXBuildFile; fileRef = CFB21CC62C6CDDB600010995 /* SchedulesApp.swift */; };
		CFB21CC92C6CDDB600010995 /* ContentView.swift in Sources */ = {isa = PBXBuildFile; fileRef = CFB21CC82C6CDDB600010995 /* ContentView.swift */; };
		CFB21CCB2C6CDDB800010995 /* Assets.xcassets in Resources */ = {isa = PBXBuildFile; fileRef = CFB21CCA2C6CDDB800010995 /* Assets.xcassets */; };
		CFB21CCE2C6CDDB800010995 /* Preview Assets.xcassets in Resources */ = {isa = PBXBuildFile; fileRef = CFB21CCD2C6CDDB800010995 /* Preview Assets.xcassets */; };
		CFB21CD82C6CDDB800010995 /* SchedulesTests.swift in Sources */ = {isa = PBXBuildFile; fileRef = CFB21CD72C6CDDB800010995 /* SchedulesTests.swift */; };
		CFB21CE22C6CDDB800010995 /* SchedulesUITests.swift in Sources */ = {isa = PBXBuildFile; fileRef = CFB21CE12C6CDDB800010995 /* SchedulesUITests.swift */; };
		CFB21CE42C6CDDB800010995 /* SchedulesUITestsLaunchTests.swift in Sources */ = {isa = PBXBuildFile; fileRef = CFB21CE32C6CDDB800010995 /* SchedulesUITestsLaunchTests.swift */; };
		CFB21CF22C6CDE2500010995 /* Schedule.swift in Sources */ = {isa = PBXBuildFile; fileRef = CFB21CF02C6CDE2400010995 /* Schedule.swift */; };
		CFB21CF62C6CDE2B00010995 /* AddNewSchedule.swift in Sources */ = {isa = PBXBuildFile; fileRef = CFB21CF32C6CDE2B00010995 /* AddNewSchedule.swift */; };
		CFB21CF72C6CDE2B00010995 /* SchedulesView.swift in Sources */ = {isa = PBXBuildFile; fileRef = CFB21CF42C6CDE2B00010995 /* SchedulesView.swift */; };
/* End PBXBuildFile section */

/* Begin PBXContainerItemProxy section */
		CFB21CD42C6CDDB800010995 /* PBXContainerItemProxy */ = {
			isa = PBXContainerItemProxy;
			containerPortal = CFB21CBB2C6CDDB600010995 /* Project object */;
			proxyType = 1;
			remoteGlobalIDString = CFB21CC22C6CDDB600010995;
			remoteInfo = Schedules;
		};
		CFB21CDE2C6CDDB800010995 /* PBXContainerItemProxy */ = {
			isa = PBXContainerItemProxy;
			containerPortal = CFB21CBB2C6CDDB600010995 /* Project object */;
			proxyType = 1;
			remoteGlobalIDString = CFB21CC22C6CDDB600010995;
			remoteInfo = Schedules;
		};
/* End PBXContainerItemProxy section */

/* Begin PBXFileReference section */
		CFB21CC32C6CDDB600010995 /* Schedules.app */ = {isa = PBXFileReference; explicitFileType = wrapper.application; includeInIndex = 0; path = Schedules.app; sourceTree = BUILT_PRODUCTS_DIR; };
		CFB21CC62C6CDDB600010995 /* SchedulesApp.swift */ = {isa = PBXFileReference; lastKnownFileType = sourcecode.swift; path = SchedulesApp.swift; sourceTree = "<group>"; };
		CFB21CC82C6CDDB600010995 /* ContentView.swift */ = {isa = PBXFileReference; lastKnownFileType = sourcecode.swift; path = ContentView.swift; sourceTree = "<group>"; };
		CFB21CCA2C6CDDB800010995 /* Assets.xcassets */ = {isa = PBXFileReference; lastKnownFileType = folder.assetcatalog; path = Assets.xcassets; sourceTree = "<group>"; };
		CFB21CCD2C6CDDB800010995 /* Preview Assets.xcassets */ = {isa = PBXFileReference; lastKnownFileType = folder.assetcatalog; path = "Preview Assets.xcassets"; sourceTree = "<group>"; };
		CFB21CD32C6CDDB800010995 /* SchedulesTests.xctest */ = {isa = PBXFileReference; explicitFileType = wrapper.cfbundle; includeInIndex = 0; path = SchedulesTests.xctest; sourceTree = BUILT_PRODUCTS_DIR; };
		CFB21CD72C6CDDB800010995 /* SchedulesTests.swift */ = {isa = PBXFileReference; lastKnownFileType = sourcecode.swift; path = SchedulesTests.swift; sourceTree = "<group>"; };
		CFB21CDD2C6CDDB800010995 /* SchedulesUITests.xctest */ = {isa = PBXFileReference; explicitFileType = wrapper.cfbundle; includeInIndex = 0; path = SchedulesUITests.xctest; sourceTree = BUILT_PRODUCTS_DIR; };
		CFB21CE12C6CDDB800010995 /* SchedulesUITests.swift */ = {isa = PBXFileReference; lastKnownFileType = sourcecode.swift; path = SchedulesUITests.swift; sourceTree = "<group>"; };
		CFB21CE32C6CDDB800010995 /* SchedulesUITestsLaunchTests.swift */ = {isa = PBXFileReference; lastKnownFileType = sourcecode.swift; path = SchedulesUITestsLaunchTests.swift; sourceTree = "<group>"; };
		CFB21CF02C6CDE2400010995 /* Schedule.swift */ = {isa = PBXFileReference; fileEncoding = 4; lastKnownFileType = sourcecode.swift; path = Schedule.swift; sourceTree = "<group>"; };
		CFB21CF32C6CDE2B00010995 /* AddNewSchedule.swift */ = {isa = PBXFileReference; fileEncoding = 4; lastKnownFileType = sourcecode.swift; path = AddNewSchedule.swift; sourceTree = "<group>"; };
		CFB21CF42C6CDE2B00010995 /* SchedulesView.swift */ = {isa = PBXFileReference; fileEncoding = 4; lastKnownFileType = sourcecode.swift; path = SchedulesView.swift; sourceTree = "<group>"; };
/* End PBXFileReference section */

/* Begin PBXFrameworksBuildPhase section */
		CFB21CC02C6CDDB600010995 /* Frameworks */ = {
			isa = PBXFrameworksBuildPhase;
			buildActionMask = 2147483647;
			files = (
			);
			runOnlyForDeploymentPostprocessing = 0;
		};
		CFB21CD02C6CDDB800010995 /* Frameworks */ = {
			isa = PBXFrameworksBuildPhase;
			buildActionMask = 2147483647;
			files = (
			);
			runOnlyForDeploymentPostprocessing = 0;
		};
		CFB21CDA2C6CDDB800010995 /* Frameworks */ = {
			isa = PBXFrameworksBuildPhase;
			buildActionMask = 2147483647;
			files = (
			);
			runOnlyForDeploymentPostprocessing = 0;
		};
/* End PBXFrameworksBuildPhase section */

/* Begin PBXGroup section */
		CFB21CBA2C6CDDB600010995 = {
			isa = PBXGroup;
			children = (
				CFB21CC52C6CDDB600010995 /* Schedules */,
				CFB21CD62C6CDDB800010995 /* SchedulesTests */,
				CFB21CE02C6CDDB800010995 /* SchedulesUITests */,
				CFB21CC42C6CDDB600010995 /* Products */,
			);
			sourceTree = "<group>";
		};
		CFB21CC42C6CDDB600010995 /* Products */ = {
			isa = PBXGroup;
			children = (
				CFB21CC32C6CDDB600010995 /* Schedules.app */,
				CFB21CD32C6CDDB800010995 /* SchedulesTests.xctest */,
				CFB21CDD2C6CDDB800010995 /* SchedulesUITests.xctest */,
			);
			name = Products;
			sourceTree = "<group>";
		};
		CFB21CC52C6CDDB600010995 /* Schedules */ = {
			isa = PBXGroup;
			children = (
				CFB21CC62C6CDDB600010995 /* SchedulesApp.swift */,
				CFB21CC82C6CDDB600010995 /* ContentView.swift */,
				CFB21CF52C6CDE2B00010995 /* Views */,
				CFB21CF12C6CDE2400010995 /* Model */,
				CFB21CCA2C6CDDB800010995 /* Assets.xcassets */,
				CFB21CCC2C6CDDB800010995 /* Preview Content */,
			);
			path = Schedules;
			sourceTree = "<group>";
		};
		CFB21CCC2C6CDDB800010995 /* Preview Content */ = {
			isa = PBXGroup;
			children = (
				CFB21CCD2C6CDDB800010995 /* Preview Assets.xcassets */,
			);
			path = "Preview Content";
			sourceTree = "<group>";
		};
		CFB21CD62C6CDDB800010995 /* SchedulesTests */ = {
			isa = PBXGroup;
			children = (
				CFB21CD72C6CDDB800010995 /* SchedulesTests.swift */,
			);
			path = SchedulesTests;
			sourceTree = "<group>";
		};
		CFB21CE02C6CDDB800010995 /* SchedulesUITests */ = {
			isa = PBXGroup;
			children = (
				CFB21CE12C6CDDB800010995 /* SchedulesUITests.swift */,
				CFB21CE32C6CDDB800010995 /* SchedulesUITestsLaunchTests.swift */,
			);
			path = SchedulesUITests;
			sourceTree = "<group>";
		};
		CFB21CF12C6CDE2400010995 /* Model */ = {
			isa = PBXGroup;
			children = (
				CFB21CF02C6CDE2400010995 /* Schedule.swift */,
			);
			path = Model;
			sourceTree = "<group>";
		};
		CFB21CF52C6CDE2B00010995 /* Views */ = {
			isa = PBXGroup;
			children = (
				CFB21CF32C6CDE2B00010995 /* AddNewSchedule.swift */,
				CFB21CF42C6CDE2B00010995 /* SchedulesView.swift */,
			);
			path = Views;
			sourceTree = "<group>";
		};
/* End PBXGroup section */

/* Begin PBXNativeTarget section */
		CFB21CC22C6CDDB600010995 /* Schedules */ = {
			isa = PBXNativeTarget;
			buildConfigurationList = CFB21CE72C6CDDB800010995 /* Build configuration list for PBXNativeTarget "Schedules" */;
			buildPhases = (
				CFB21CBF2C6CDDB600010995 /* Sources */,
				CFB21CC02C6CDDB600010995 /* Frameworks */,
				CFB21CC12C6CDDB600010995 /* Resources */,
			);
			buildRules = (
			);
			dependencies = (
			);
			name = Schedules;
			productName = Schedules;
			productReference = CFB21CC32C6CDDB600010995 /* Schedules.app */;
			productType = "com.apple.product-type.application";
		};
		CFB21CD22C6CDDB800010995 /* SchedulesTests */ = {
			isa = PBXNativeTarget;
			buildConfigurationList = CFB21CEA2C6CDDB800010995 /* Build configuration list for PBXNativeTarget "SchedulesTests" */;
			buildPhases = (
				CFB21CCF2C6CDDB800010995 /* Sources */,
				CFB21CD02C6CDDB800010995 /* Frameworks */,
				CFB21CD12C6CDDB800010995 /* Resources */,
			);
			buildRules = (
			);
			dependencies = (
				CFB21CD52C6CDDB800010995 /* PBXTargetDependency */,
			);
			name = SchedulesTests;
			productName = SchedulesTests;
			productReference = CFB21CD32C6CDDB800010995 /* SchedulesTests.xctest */;
			productType = "com.apple.product-type.bundle.unit-test";
		};
		CFB21CDC2C6CDDB800010995 /* SchedulesUITests */ = {
			isa = PBXNativeTarget;
			buildConfigurationList = CFB21CED2C6CDDB800010995 /* Build configuration list for PBXNativeTarget "SchedulesUITests" */;
			buildPhases = (
				CFB21CD92C6CDDB800010995 /* Sources */,
				CFB21CDA2C6CDDB800010995 /* Frameworks */,
				CFB21CDB2C6CDDB800010995 /* Resources */,
			);
			buildRules = (
			);
			dependencies = (
				CFB21CDF2C6CDDB800010995 /* PBXTargetDependency */,
			);
			name = SchedulesUITests;
			productName = SchedulesUITests;
			productReference = CFB21CDD2C6CDDB800010995 /* SchedulesUITests.xctest */;
			productType = "com.apple.product-type.bundle.ui-testing";
		};
/* End PBXNativeTarget section */

/* Begin PBXProject section */
		CFB21CBB2C6CDDB600010995 /* Project object */ = {
			isa = PBXProject;
			attributes = {
				BuildIndependentTargetsInParallel = 1;
				LastSwiftUpdateCheck = 1540;
				LastUpgradeCheck = 1540;
				TargetAttributes = {
					CFB21CC22C6CDDB600010995 = {
						CreatedOnToolsVersion = 15.4;
					};
					CFB21CD22C6CDDB800010995 = {
						CreatedOnToolsVersion = 15.4;
						TestTargetID = CFB21CC22C6CDDB600010995;
					};
					CFB21CDC2C6CDDB800010995 = {
						CreatedOnToolsVersion = 15.4;
						TestTargetID = CFB21CC22C6CDDB600010995;
					};
				};
			};
			buildConfigurationList = CFB21CBE2C6CDDB600010995 /* Build configuration list for PBXProject "Schedules" */;
			compatibilityVersion = "Xcode 14.0";
			developmentRegion = en;
			hasScannedForEncodings = 0;
			knownRegions = (
				en,
				Base,
			);
			mainGroup = CFB21CBA2C6CDDB600010995;
			productRefGroup = CFB21CC42C6CDDB600010995 /* Products */;
			projectDirPath = "";
			projectRoot = "";
			targets = (
				CFB21CC22C6CDDB600010995 /* Schedules */,
				CFB21CD22C6CDDB800010995 /* SchedulesTests */,
				CFB21CDC2C6CDDB800010995 /* SchedulesUITests */,
			);
		};
/* End PBXProject section */

/* Begin PBXResourcesBuildPhase section */
		CFB21CC12C6CDDB600010995 /* Resources */ = {
			isa = PBXResourcesBuildPhase;
			buildActionMask = 2147483647;
			files = (
				CFB21CCE2C6CDDB800010995 /* Preview Assets.xcassets in Resources */,
				CFB21CCB2C6CDDB800010995 /* Assets.xcassets in Resources */,
			);
			runOnlyForDeploymentPostprocessing = 0;
		};
		CFB21CD12C6CDDB800010995 /* Resources */ = {
			isa = PBXResourcesBuildPhase;
			buildActionMask = 2147483647;
			files = (
			);
			runOnlyForDeploymentPostprocessing = 0;
		};
		CFB21CDB2C6CDDB800010995 /* Resources */ = {
			isa = PBXResourcesBuildPhase;
			buildActionMask = 2147483647;
			files = (
			);
			runOnlyForDeploymentPostprocessing = 0;
		};
/* End PBXResourcesBuildPhase section */

/* Begin PBXSourcesBuildPhase section */
		CFB21CBF2C6CDDB600010995 /* Sources */ = {
			isa = PBXSourcesBuildPhase;
			buildActionMask = 2147483647;
			files = (
				CFB21CF22C6CDE2500010995 /* Schedule.swift in Sources */,
				CFB21CF72C6CDE2B00010995 /* SchedulesView.swift in Sources */,
				CFB21CC92C6CDDB600010995 /* ContentView.swift in Sources */,
				CFB21CC72C6CDDB600010995 /* SchedulesApp.swift in Sources */,
				CFB21CF62C6CDE2B00010995 /* AddNewSchedule.swift in Sources */,
			);
			runOnlyForDeploymentPostprocessing = 0;
		};
		CFB21CCF2C6CDDB800010995 /* Sources */ = {
			isa = PBXSourcesBuildPhase;
			buildActionMask = 2147483647;
			files = (
				CFB21CD82C6CDDB800010995 /* SchedulesTests.swift in Sources */,
			);
			runOnlyForDeploymentPostprocessing = 0;
		};
		CFB21CD92C6CDDB800010995 /* Sources */ = {
			isa = PBXSourcesBuildPhase;
			buildActionMask = 2147483647;
			files = (
				CFB21CE22C6CDDB800010995 /* SchedulesUITests.swift in Sources */,
				CFB21CE42C6CDDB800010995 /* SchedulesUITestsLaunchTests.swift in Sources */,
			);
			runOnlyForDeploymentPostprocessing = 0;
		};
/* End PBXSourcesBuildPhase section */

/* Begin PBXTargetDependency section */
		CFB21CD52C6CDDB800010995 /* PBXTargetDependency */ = {
			isa = PBXTargetDependency;
			target = CFB21CC22C6CDDB600010995 /* Schedules */;
			targetProxy = CFB21CD42C6CDDB800010995 /* PBXContainerItemProxy */;
		};
		CFB21CDF2C6CDDB800010995 /* PBXTargetDependency */ = {
			isa = PBXTargetDependency;
			target = CFB21CC22C6CDDB600010995 /* Schedules */;
			targetProxy = CFB21CDE2C6CDDB800010995 /* PBXContainerItemProxy */;
		};
/* End PBXTargetDependency section */

/* Begin XCBuildConfiguration section */
		CFB21CE52C6CDDB800010995 /* Debug */ = {
			isa = XCBuildConfiguration;
			buildSettings = {
				ALWAYS_SEARCH_USER_PATHS = NO;
				ASSETCATALOG_COMPILER_GENERATE_SWIFT_ASSET_SYMBOL_EXTENSIONS = YES;
				CLANG_ANALYZER_NONNULL = YES;
				CLANG_ANALYZER_NUMBER_OBJECT_CONVERSION = YES_AGGRESSIVE;
				CLANG_CXX_LANGUAGE_STANDARD = "gnu++20";
				CLANG_ENABLE_MODULES = YES;
				CLANG_ENABLE_OBJC_ARC = YES;
				CLANG_ENABLE_OBJC_WEAK = YES;
				CLANG_WARN_BLOCK_CAPTURE_AUTORELEASING = YES;
				CLANG_WARN_BOOL_CONVERSION = YES;
				CLANG_WARN_COMMA = YES;
				CLANG_WARN_CONSTANT_CONVERSION = YES;
				CLANG_WARN_DEPRECATED_OBJC_IMPLEMENTATIONS = YES;
				CLANG_WARN_DIRECT_OBJC_ISA_USAGE = YES_ERROR;
				CLANG_WARN_DOCUMENTATION_COMMENTS = YES;
				CLANG_WARN_EMPTY_BODY = YES;
				CLANG_WARN_ENUM_CONVERSION = YES;
				CLANG_WARN_INFINITE_RECURSION = YES;
				CLANG_WARN_INT_CONVERSION = YES;
				CLANG_WARN_NON_LITERAL_NULL_CONVERSION = YES;
				CLANG_WARN_OBJC_IMPLICIT_RETAIN_SELF = YES;
				CLANG_WARN_OBJC_LITERAL_CONVERSION = YES;
				CLANG_WARN_OBJC_ROOT_CLASS = YES_ERROR;
				CLANG_WARN_QUOTED_INCLUDE_IN_FRAMEWORK_HEADER = YES;
				CLANG_WARN_RANGE_LOOP_ANALYSIS = YES;
				CLANG_WARN_STRICT_PROTOTYPES = YES;
				CLANG_WARN_SUSPICIOUS_MOVE = YES;
				CLANG_WARN_UNGUARDED_AVAILABILITY = YES_AGGRESSIVE;
				CLANG_WARN_UNREACHABLE_CODE = YES;
				CLANG_WARN__DUPLICATE_METHOD_MATCH = YES;
				COPY_PHASE_STRIP = NO;
				DEBUG_INFORMATION_FORMAT = dwarf;
				ENABLE_STRICT_OBJC_MSGSEND = YES;
				ENABLE_TESTABILITY = YES;
				ENABLE_USER_SCRIPT_SANDBOXING = YES;
				GCC_C_LANGUAGE_STANDARD = gnu17;
				GCC_DYNAMIC_NO_PIC = NO;
				GCC_NO_COMMON_BLOCKS = YES;
				GCC_OPTIMIZATION_LEVEL = 0;
				GCC_PREPROCESSOR_DEFINITIONS = (
					"DEBUG=1",
					"$(inherited)",
				);
				GCC_WARN_64_TO_32_BIT_CONVERSION = YES;
				GCC_WARN_ABOUT_RETURN_TYPE = YES_ERROR;
				GCC_WARN_UNDECLARED_SELECTOR = YES;
				GCC_WARN_UNINITIALIZED_AUTOS = YES_AGGRESSIVE;
				GCC_WARN_UNUSED_FUNCTION = YES;
				GCC_WARN_UNUSED_VARIABLE = YES;
				IPHONEOS_DEPLOYMENT_TARGET = 17.5;
				LOCALIZATION_PREFERS_STRING_CATALOGS = YES;
				MTL_ENABLE_DEBUG_INFO = INCLUDE_SOURCE;
				MTL_FAST_MATH = YES;
				ONLY_ACTIVE_ARCH = YES;
				SDKROOT = iphoneos;
				SWIFT_ACTIVE_COMPILATION_CONDITIONS = "DEBUG $(inherited)";
				SWIFT_OPTIMIZATION_LEVEL = "-Onone";
			};
			name = Debug;
		};
		CFB21CE62C6CDDB800010995 /* Release */ = {
			isa = XCBuildConfiguration;
			buildSettings = {
				ALWAYS_SEARCH_USER_PATHS = NO;
				ASSETCATALOG_COMPILER_GENERATE_SWIFT_ASSET_SYMBOL_EXTENSIONS = YES;
				CLANG_ANALYZER_NONNULL = YES;
				CLANG_ANALYZER_NUMBER_OBJECT_CONVERSION = YES_AGGRESSIVE;
				CLANG_CXX_LANGUAGE_STANDARD = "gnu++20";
				CLANG_ENABLE_MODULES = YES;
				CLANG_ENABLE_OBJC_ARC = YES;
				CLANG_ENABLE_OBJC_WEAK = YES;
				CLANG_WARN_BLOCK_CAPTURE_AUTORELEASING = YES;
				CLANG_WARN_BOOL_CONVERSION = YES;
				CLANG_WARN_COMMA = YES;
				CLANG_WARN_CONSTANT_CONVERSION = YES;
				CLANG_WARN_DEPRECATED_OBJC_IMPLEMENTATIONS = YES;
				CLANG_WARN_DIRECT_OBJC_ISA_USAGE = YES_ERROR;
				CLANG_WARN_DOCUMENTATION_COMMENTS = YES;
				CLANG_WARN_EMPTY_BODY = YES;
				CLANG_WARN_ENUM_CONVERSION = YES;
				CLANG_WARN_INFINITE_RECURSION = YES;
				CLANG_WARN_INT_CONVERSION = YES;
				CLANG_WARN_NON_LITERAL_NULL_CONVERSION = YES;
				CLANG_WARN_OBJC_IMPLICIT_RETAIN_SELF = YES;
				CLANG_WARN_OBJC_LITERAL_CONVERSION = YES;
				CLANG_WARN_OBJC_ROOT_CLASS = YES_ERROR;
				CLANG_WARN_QUOTED_INCLUDE_IN_FRAMEWORK_HEADER = YES;
				CLANG_WARN_RANGE_LOOP_ANALYSIS = YES;
				CLANG_WARN_STRICT_PROTOTYPES = YES;
				CLANG_WARN_SUSPICIOUS_MOVE = YES;
				CLANG_WARN_UNGUARDED_AVAILABILITY = YES_AGGRESSIVE;
				CLANG_WARN_UNREACHABLE_CODE = YES;
				CLANG_WARN__DUPLICATE_METHOD_MATCH = YES;
				COPY_PHASE_STRIP = NO;
				DEBUG_INFORMATION_FORMAT = "dwarf-with-dsym";
				ENABLE_NS_ASSERTIONS = NO;
				ENABLE_STRICT_OBJC_MSGSEND = YES;
				ENABLE_USER_SCRIPT_SANDBOXING = YES;
				GCC_C_LANGUAGE_STANDARD = gnu17;
				GCC_NO_COMMON_BLOCKS = YES;
				GCC_WARN_64_TO_32_BIT_CONVERSION = YES;
				GCC_WARN_ABOUT_RETURN_TYPE = YES_ERROR;
				GCC_WARN_UNDECLARED_SELECTOR = YES;
				GCC_WARN_UNINITIALIZED_AUTOS = YES_AGGRESSIVE;
				GCC_WARN_UNUSED_FUNCTION = YES;
				GCC_WARN_UNUSED_VARIABLE = YES;
				IPHONEOS_DEPLOYMENT_TARGET = 17.5;
				LOCALIZATION_PREFERS_STRING_CATALOGS = YES;
				MTL_ENABLE_DEBUG_INFO = NO;
				MTL_FAST_MATH = YES;
				SDKROOT = iphoneos;
				SWIFT_COMPILATION_MODE = wholemodule;
				VALIDATE_PRODUCT = YES;
			};
			name = Release;
		};
		CFB21CE82C6CDDB800010995 /* Debug */ = {
			isa = XCBuildConfiguration;
			buildSettings = {
				ASSETCATALOG_COMPILER_APPICON_NAME = AppIcon;
				ASSETCATALOG_COMPILER_GLOBAL_ACCENT_COLOR_NAME = AccentColor;
				CODE_SIGN_STYLE = Automatic;
				CURRENT_PROJECT_VERSION = 1;
				DEVELOPMENT_ASSET_PATHS = "\"Schedules/Preview Content\"";
				ENABLE_PREVIEWS = YES;
				GENERATE_INFOPLIST_FILE = YES;
				INFOPLIST_KEY_UIApplicationSceneManifest_Generation = YES;
				INFOPLIST_KEY_UIApplicationSupportsIndirectInputEvents = YES;
				INFOPLIST_KEY_UILaunchScreen_Generation = YES;
				INFOPLIST_KEY_UISupportedInterfaceOrientations_iPad = "UIInterfaceOrientationPortrait UIInterfaceOrientationPortraitUpsideDown UIInterfaceOrientationLandscapeLeft UIInterfaceOrientationLandscapeRight";
				INFOPLIST_KEY_UISupportedInterfaceOrientations_iPhone = "UIInterfaceOrientationPortrait UIInterfaceOrientationLandscapeLeft UIInterfaceOrientationLandscapeRight";
				LD_RUNPATH_SEARCH_PATHS = (
					"$(inherited)",
					"@executable_path/Frameworks",
				);
				MARKETING_VERSION = 1.0;
				PRODUCT_BUNDLE_IDENTIFIER = com.travelperk.Schedules;
				PRODUCT_NAME = "$(TARGET_NAME)";
				SWIFT_EMIT_LOC_STRINGS = YES;
				SWIFT_VERSION = 5.0;
				TARGETED_DEVICE_FAMILY = "1,2";
			};
			name = Debug;
		};
		CFB21CE92C6CDDB800010995 /* Release */ = {
			isa = XCBuildConfiguration;
			buildSettings = {
				ASSETCATALOG_COMPILER_APPICON_NAME = AppIcon;
				ASSETCATALOG_COMPILER_GLOBAL_ACCENT_COLOR_NAME = AccentColor;
				CODE_SIGN_STYLE = Automatic;
				CURRENT_PROJECT_VERSION = 1;
				DEVELOPMENT_ASSET_PATHS = "\"Schedules/Preview Content\"";
				ENABLE_PREVIEWS = YES;
				GENERATE_INFOPLIST_FILE = YES;
				INFOPLIST_KEY_UIApplicationSceneManifest_Generation = YES;
				INFOPLIST_KEY_UIApplicationSupportsIndirectInputEvents = YES;
				INFOPLIST_KEY_UILaunchScreen_Generation = YES;
				INFOPLIST_KEY_UISupportedInterfaceOrientations_iPad = "UIInterfaceOrientationPortrait UIInterfaceOrientationPortraitUpsideDown UIInterfaceOrientationLandscapeLeft UIInterfaceOrientationLandscapeRight";
				INFOPLIST_KEY_UISupportedInterfaceOrientations_iPhone = "UIInterfaceOrientationPortrait UIInterfaceOrientationLandscapeLeft UIInterfaceOrientationLandscapeRight";
				LD_RUNPATH_SEARCH_PATHS = (
					"$(inherited)",
					"@executable_path/Frameworks",
				);
				MARKETING_VERSION = 1.0;
				PRODUCT_BUNDLE_IDENTIFIER = com.travelperk.Schedules;
				PRODUCT_NAME = "$(TARGET_NAME)";
				SWIFT_EMIT_LOC_STRINGS = YES;
				SWIFT_VERSION = 5.0;
				TARGETED_DEVICE_FAMILY = "1,2";
			};
			name = Release;
		};
		CFB21CEB2C6CDDB800010995 /* Debug */ = {
			isa = XCBuildConfiguration;
			buildSettings = {
				ALWAYS_EMBED_SWIFT_STANDARD_LIBRARIES = YES;
				BUNDLE_LOADER = "$(TEST_HOST)";
				CODE_SIGN_STYLE = Automatic;
				CURRENT_PROJECT_VERSION = 1;
				GENERATE_INFOPLIST_FILE = YES;
				IPHONEOS_DEPLOYMENT_TARGET = 17.5;
				MARKETING_VERSION = 1.0;
				PRODUCT_BUNDLE_IDENTIFIER = com.travelperk.SchedulesTests;
				PRODUCT_NAME = "$(TARGET_NAME)";
				SWIFT_EMIT_LOC_STRINGS = NO;
				SWIFT_VERSION = 5.0;
				TARGETED_DEVICE_FAMILY = "1,2";
				TEST_HOST = "$(BUILT_PRODUCTS_DIR)/Schedules.app/$(BUNDLE_EXECUTABLE_FOLDER_PATH)/Schedules";
			};
			name = Debug;
		};
		CFB21CEC2C6CDDB800010995 /* Release */ = {
			isa = XCBuildConfiguration;
			buildSettings = {
				ALWAYS_EMBED_SWIFT_STANDARD_LIBRARIES = YES;
				BUNDLE_LOADER = "$(TEST_HOST)";
				CODE_SIGN_STYLE = Automatic;
				CURRENT_PROJECT_VERSION = 1;
				GENERATE_INFOPLIST_FILE = YES;
				IPHONEOS_DEPLOYMENT_TARGET = 17.5;
				MARKETING_VERSION = 1.0;
				PRODUCT_BUNDLE_IDENTIFIER = com.travelperk.SchedulesTests;
				PRODUCT_NAME = "$(TARGET_NAME)";
				SWIFT_EMIT_LOC_STRINGS = NO;
				SWIFT_VERSION = 5.0;
				TARGETED_DEVICE_FAMILY = "1,2";
				TEST_HOST = "$(BUILT_PRODUCTS_DIR)/Schedules.app/$(BUNDLE_EXECUTABLE_FOLDER_PATH)/Schedules";
			};
			name = Release;
		};
		CFB21CEE2C6CDDB800010995 /* Debug */ = {
			isa = XCBuildConfiguration;
			buildSettings = {
				ALWAYS_EMBED_SWIFT_STANDARD_LIBRARIES = YES;
				CODE_SIGN_STYLE = Automatic;
				CURRENT_PROJECT_VERSION = 1;
				GENERATE_INFOPLIST_FILE = YES;
				MARKETING_VERSION = 1.0;
				PRODUCT_BUNDLE_IDENTIFIER = com.travelperk.SchedulesUITests;
				PRODUCT_NAME = "$(TARGET_NAME)";
				SWIFT_EMIT_LOC_STRINGS = NO;
				SWIFT_VERSION = 5.0;
				TARGETED_DEVICE_FAMILY = "1,2";
				TEST_TARGET_NAME = Schedules;
			};
			name = Debug;
		};
		CFB21CEF2C6CDDB800010995 /* Release */ = {
			isa = XCBuildConfiguration;
			buildSettings = {
				ALWAYS_EMBED_SWIFT_STANDARD_LIBRARIES = YES;
				CODE_SIGN_STYLE = Automatic;
				CURRENT_PROJECT_VERSION = 1;
				GENERATE_INFOPLIST_FILE = YES;
				MARKETING_VERSION = 1.0;
				PRODUCT_BUNDLE_IDENTIFIER = com.travelperk.SchedulesUITests;
				PRODUCT_NAME = "$(TARGET_NAME)";
				SWIFT_EMIT_LOC_STRINGS = NO;
				SWIFT_VERSION = 5.0;
				TARGETED_DEVICE_FAMILY = "1,2";
				TEST_TARGET_NAME = Schedules;
			};
			name = Release;
		};
/* End XCBuildConfiguration section */

/* Begin XCConfigurationList section */
		CFB21CBE2C6CDDB600010995 /* Build configuration list for PBXProject "Schedules" */ = {
			isa = XCConfigurationList;
			buildConfigurations = (
				CFB21CE52C6CDDB800010995 /* Debug */,
				CFB21CE62C6CDDB800010995 /* Release */,
			);
			defaultConfigurationIsVisible = 0;
			defaultConfigurationName = Release;
		};
		CFB21CE72C6CDDB800010995 /* Build configuration list for PBXNativeTarget "Schedules" */ = {
			isa = XCConfigurationList;
			buildConfigurations = (
				CFB21CE82C6CDDB800010995 /* Debug */,
				CFB21CE92C6CDDB800010995 /* Release */,
			);
			defaultConfigurationIsVisible = 0;
			defaultConfigurationName = Release;
		};
		CFB21CEA2C6CDDB800010995 /* Build configuration list for PBXNativeTarget "SchedulesTests" */ = {
			isa = XCConfigurationList;
			buildConfigurations = (
				CFB21CEB2C6CDDB800010995 /* Debug */,
				CFB21CEC2C6CDDB800010995 /* Release */,
			);
			defaultConfigurationIsVisible = 0;
			defaultConfigurationName = Release;
		};
		CFB21CED2C6CDDB800010995 /* Build configuration list for PBXNativeTarget "SchedulesUITests" */ = {
			isa = XCConfigurationList;
			buildConfigurations = (
				CFB21CEE2C6CDDB800010995 /* Debug */,
				CFB21CEF2C6CDDB800010995 /* Release */,
			);
			defaultConfigurationIsVisible = 0;
			defaultConfigurationName = Release;
		};
/* End XCConfigurationList section */
	};
	rootObject = CFB21CBB2C6CDDB600010995 /* Project object */;
}
